
Microsoft Visual Studio Solution File, Format Version 12.00
Project("{FAE04EC0-301F-11D3-BF4B-00C04F79EFBC}") = "CodingJobs.Api", "src\CodingJobs.Api\CodingJobs.Api.csproj", "{543C43A4-A614-4F72-A735-651D8AA97F17}"
EndProject
Project("{FAE04EC0-301F-11D3-BF4B-00C04F79EFBC}") = "CodingJobs.Domain", "src\CodingJobs.Domain\CodingJobs.Domain.csproj", "{3B1D2ADC-293E-45A6-8832-7A0B9BC2614C}"
EndProject
Project("{FAE04EC0-301F-11D3-BF4B-00C04F79EFBC}") = "CodingJobs.Infrastructure", "src\CodingJobs.Infrastructure\CodingJobs.Infrastructure.csproj", "{AD501C4B-C010-4459-9170-B7BAB53ECAF2}"
EndProject
Project("{2150E333-8FDC-42A3-9474-1A3956D46DE8}") = "src", "src", "{DB012354-5E6F-426F-9C84-7114E395DACB}"
EndProject
Project("{2150E333-8FDC-42A3-9474-1A3956D46DE8}") = "tests", "tests", "{4200E638-C6E6-446D-9DB7-E3BF13E5E5B9}"
EndProject
Project("{FAE04EC0-301F-11D3-BF4B-00C04F79EFBC}") = "CodingJobs.Application", "src\CodingJobs.Application\CodingJobs.Application.csproj", "{3500EC5B-EBAC-4AB2-BF31-B0FE6702A0A0}"
EndProject
Project("{FAE04EC0-301F-11D3-BF4B-00C04F79EFBC}") = "CodingJobs.Contracts", "src\CodingJobs.Contracts\CodingJobs.Contracts.csproj", "{D3DE595D-7934-4C4B-8E31-C9C7822064CE}"
EndProject
Project("{FAE04EC0-301F-11D3-BF4B-00C04F79EFBC}") = "CodingJobs.Application.Tests.Unit", "tests\CodingJobs.Application.Tests.Unit\CodingJobs.Application.Tests.Unit.csproj", "{4E77BB77-EE6B-423E-8161-DF37E4C00D3D}"
EndProject
Global
	GlobalSection(SolutionConfigurationPlatforms) = preSolution
		Debug|Any CPU = Debug|Any CPU
		Release|Any CPU = Release|Any CPU
	EndGlobalSection
	GlobalSection(ProjectConfigurationPlatforms) = postSolution
		{543C43A4-A614-4F72-A735-651D8AA97F17}.Debug|Any CPU.ActiveCfg = Debug|Any CPU
		{543C43A4-A614-4F72-A735-651D8AA97F17}.Debug|Any CPU.Build.0 = Debug|Any CPU
		{543C43A4-A614-4F72-A735-651D8AA97F17}.Release|Any CPU.ActiveCfg = Release|Any CPU
		{543C43A4-A614-4F72-A735-651D8AA97F17}.Release|Any CPU.Build.0 = Release|Any CPU
		{3B1D2ADC-293E-45A6-8832-7A0B9BC2614C}.Debug|Any CPU.ActiveCfg = Debug|Any CPU
		{3B1D2ADC-293E-45A6-8832-7A0B9BC2614C}.Debug|Any CPU.Build.0 = Debug|Any CPU
		{3B1D2ADC-293E-45A6-8832-7A0B9BC2614C}.Release|Any CPU.ActiveCfg = Release|Any CPU
		{3B1D2ADC-293E-45A6-8832-7A0B9BC2614C}.Release|Any CPU.Build.0 = Release|Any CPU
		{AD501C4B-C010-4459-9170-B7BAB53ECAF2}.Debug|Any CPU.ActiveCfg = Debug|Any CPU
		{AD501C4B-C010-4459-9170-B7BAB53ECAF2}.Debug|Any CPU.Build.0 = Debug|Any CPU
		{AD501C4B-C010-4459-9170-B7BAB53ECAF2}.Release|Any CPU.ActiveCfg = Release|Any CPU
		{AD501C4B-C010-4459-9170-B7BAB53ECAF2}.Release|Any CPU.Build.0 = Release|Any CPU
		{3500EC5B-EBAC-4AB2-BF31-B0FE6702A0A0}.Debug|Any CPU.ActiveCfg = Debug|Any CPU
		{3500EC5B-EBAC-4AB2-BF31-B0FE6702A0A0}.Debug|Any CPU.Build.0 = Debug|Any CPU
		{3500EC5B-EBAC-4AB2-BF31-B0FE6702A0A0}.Release|Any CPU.ActiveCfg = Release|Any CPU
		{3500EC5B-EBAC-4AB2-BF31-B0FE6702A0A0}.Release|Any CPU.Build.0 = Release|Any CPU
		{D3DE595D-7934-4C4B-8E31-C9C7822064CE}.Debug|Any CPU.ActiveCfg = Debug|Any CPU
		{D3DE595D-7934-4C4B-8E31-C9C7822064CE}.Debug|Any CPU.Build.0 = Debug|Any CPU
		{D3DE595D-7934-4C4B-8E31-C9C7822064CE}.Release|Any CPU.ActiveCfg = Release|Any CPU
		{D3DE595D-7934-4C4B-8E31-C9C7822064CE}.Release|Any CPU.Build.0 = Release|Any CPU
		{4E77BB77-EE6B-423E-8161-DF37E4C00D3D}.Debug|Any CPU.ActiveCfg = Debug|Any CPU
		{4E77BB77-EE6B-423E-8161-DF37E4C00D3D}.Debug|Any CPU.Build.0 = Debug|Any CPU
		{4E77BB77-EE6B-423E-8161-DF37E4C00D3D}.Release|Any CPU.ActiveCfg = Release|Any CPU
		{4E77BB77-EE6B-423E-8161-DF37E4C00D3D}.Release|Any CPU.Build.0 = Release|Any CPU
	EndGlobalSection
	GlobalSection(NestedProjects) = preSolution
		{543C43A4-A614-4F72-A735-651D8AA97F17} = {DB012354-5E6F-426F-9C84-7114E395DACB}
		{3B1D2ADC-293E-45A6-8832-7A0B9BC2614C} = {DB012354-5E6F-426F-9C84-7114E395DACB}
		{AD501C4B-C010-4459-9170-B7BAB53ECAF2} = {DB012354-5E6F-426F-9C84-7114E395DACB}
		{3500EC5B-EBAC-4AB2-BF31-B0FE6702A0A0} = {DB012354-5E6F-426F-9C84-7114E395DACB}
		{D3DE595D-7934-4C4B-8E31-C9C7822064CE} = {DB012354-5E6F-426F-9C84-7114E395DACB}
		{4E77BB77-EE6B-423E-8161-DF37E4C00D3D} = {4200E638-C6E6-446D-9DB7-E3BF13E5E5B9}
	EndGlobalSection
EndGlobal
